{
    "_readme": [
        "This file locks the dependencies of your project to a known state",
        "Read more about it at https://getcomposer.org/doc/01-basic-usage.md#installing-dependencies",
        "This file is @generated automatically"
    ],
    "content-hash": "d6615166bfd8f0c674162dcc6fe8c148",
    "packages": [
        {
            "name": "axtiva/flexible-graphql-federation",
            "version": "v1.0.0",
            "source": {
                "type": "git",
                "url": "https://github.com/axtiva/flexible-graphql-federation.git",
                "reference": "8b2f0bf03b44c16607500e5e1b8ecb66dfb85888"
            },
            "dist": {
                "type": "zip",
                "url": "https://api.github.com/repos/axtiva/flexible-graphql-federation/zipball/8b2f0bf03b44c16607500e5e1b8ecb66dfb85888",
                "reference": "8b2f0bf03b44c16607500e5e1b8ecb66dfb85888",
                "shasum": ""
            },
            "require": {
                "axtiva/flexible-graphql-php": "^1.0.3",
                "axtiva/graphql-federation-extension": "^1.0.1",
                "php": "^7.4 | ^8.0"
            },
            "require-dev": {
                "phpunit/phpunit": "^9.5"
            },
            "type": "library",
            "autoload": {
                "psr-4": {
                    "Axtiva\\FlexibleGraphql\\Federation\\": "src/"
                }
            },
            "notification-url": "https://packagist.org/downloads/",
            "license": [
                "MIT"
            ],
            "authors": [
                {
                    "name": "bpteam",
                    "email": "bpteam22@gmail.com"
                }
            ],
            "description": "Schema SDL first lib for generate php code from graphql sdl to TypeRegistry with webonyx/graphql-php for apollo federation properties",
            "support": {
                "issues": "https://github.com/axtiva/flexible-graphql-federation/issues",
                "source": "https://github.com/axtiva/flexible-graphql-federation/tree/v1.0.0"
            },
            "time": "2022-04-06T06:16:43+00:00"
        },
        {
            "name": "axtiva/flexible-graphql-php",
            "version": "v1.1.2",
            "source": {
                "type": "git",
                "url": "https://github.com/axtiva/flexible-graphql-php.git",
                "reference": "203c7fbfea7455206d9fa972345d69faa9edf688"
            },
            "dist": {
                "type": "zip",
                "url": "https://api.github.com/repos/axtiva/flexible-graphql-php/zipball/203c7fbfea7455206d9fa972345d69faa9edf688",
                "reference": "203c7fbfea7455206d9fa972345d69faa9edf688",
                "shasum": ""
            },
            "require": {
                "nikic/php-parser": "^4.12",
                "php": "^7.4 | ^8.0",
                "webonyx/graphql-php": "^14.0"
            },
            "require-dev": {
                "phpunit/phpunit": "^9.5",
                "psr/container": "^1 | ^2"
            },
            "type": "library",
            "autoload": {
                "psr-4": {
                    "Axtiva\\FlexibleGraphql\\": "src/"
                }
            },
            "notification-url": "https://packagist.org/downloads/",
            "license": [
                "MIT"
            ],
            "authors": [
                {
                    "name": "bpteam",
                    "email": "bpteam22@gmail.com"
                }
            ],
            "description": "Schema SDL first lib for generate php code from graphql sdl to TypeRegistry with webonyx/graphql-php",
            "support": {
                "issues": "https://github.com/axtiva/flexible-graphql-php/issues",
                "source": "https://github.com/axtiva/flexible-graphql-php/tree/v1.1.2"
            },
            "time": "2022-07-07T19:47:27+00:00"
        },
        {
            "name": "axtiva/graphql-federation-extension",
            "version": "v1.0.1",
            "source": {
                "type": "git",
                "url": "https://github.com/axtiva/graphql-federation-extension.git",
                "reference": "f8d13dca242c32e49df5f5961a05bad7411f8ea0"
            },
            "dist": {
                "type": "zip",
                "url": "https://api.github.com/repos/axtiva/graphql-federation-extension/zipball/f8d13dca242c32e49df5f5961a05bad7411f8ea0",
                "reference": "f8d13dca242c32e49df5f5961a05bad7411f8ea0",
                "shasum": ""
            },
            "require": {
                "php": ">=7.4",
                "webonyx/graphql-php": "^14.0"
            },
            "require-dev": {
                "phpunit/phpunit": "^9.5"
            },
            "type": "library",
            "autoload": {
                "psr-4": {
                    "Axtiva\\FlexibleGraphql\\FederationExtension\\": "src/"
                }
            },
            "notification-url": "https://packagist.org/downloads/",
            "license": [
                "MIT"
            ],
            "authors": [
                {
                    "name": "bpteam",
                    "email": "bpteam22@gmail.com"
                }
            ],
            "description": "Extension for axtiva/flexible-graphql-php for support apollo federation integration",
            "support": {
                "issues": "https://github.com/axtiva/graphql-federation-extension/issues",
                "source": "https://github.com/axtiva/graphql-federation-extension/tree/v1.0.1"
            },
            "time": "2022-04-05T00:02:19+00:00"
        },
        {
            "name": "myclabs/php-enum",
            "version": "1.8.3",
            "source": {
                "type": "git",
                "url": "https://github.com/myclabs/php-enum.git",
                "reference": "b942d263c641ddb5190929ff840c68f78713e937"
            },
            "dist": {
                "type": "zip",
                "url": "https://api.github.com/repos/myclabs/php-enum/zipball/b942d263c641ddb5190929ff840c68f78713e937",
                "reference": "b942d263c641ddb5190929ff840c68f78713e937",
                "shasum": ""
            },
            "require": {
                "ext-json": "*",
                "php": "^7.3 || ^8.0"
            },
            "require-dev": {
                "phpunit/phpunit": "^9.5",
                "squizlabs/php_codesniffer": "1.*",
                "vimeo/psalm": "^4.6.2"
            },
            "type": "library",
            "autoload": {
                "psr-4": {
                    "MyCLabs\\Enum\\": "src/"
                }
            },
            "notification-url": "https://packagist.org/downloads/",
            "license": [
                "MIT"
            ],
            "authors": [
                {
                    "name": "PHP Enum contributors",
                    "homepage": "https://github.com/myclabs/php-enum/graphs/contributors"
                }
            ],
            "description": "PHP Enum implementation",
            "homepage": "http://github.com/myclabs/php-enum",
            "keywords": [
                "enum"
            ],
            "support": {
                "issues": "https://github.com/myclabs/php-enum/issues",
                "source": "https://github.com/myclabs/php-enum/tree/1.8.3"
            },
            "funding": [
                {
                    "url": "https://github.com/mnapoli",
                    "type": "github"
                },
                {
                    "url": "https://tidelift.com/funding/github/packagist/myclabs/php-enum",
                    "type": "tidelift"
                }
            ],
            "time": "2021-07-05T08:18:36+00:00"
        },
        {
            "name": "nikic/php-parser",
            "version": "v4.13.0",
            "source": {
                "type": "git",
                "url": "https://github.com/nikic/PHP-Parser.git",
                "reference": "50953a2691a922aa1769461637869a0a2faa3f53"
            },
            "dist": {
                "type": "zip",
                "url": "https://api.github.com/repos/nikic/PHP-Parser/zipball/50953a2691a922aa1769461637869a0a2faa3f53",
                "reference": "50953a2691a922aa1769461637869a0a2faa3f53",
                "shasum": ""
            },
            "require": {
                "ext-tokenizer": "*",
                "php": ">=7.0"
            },
            "require-dev": {
                "ircmaxell/php-yacc": "^0.0.7",
                "phpunit/phpunit": "^6.5 || ^7.0 || ^8.0 || ^9.0"
            },
            "bin": [
                "bin/php-parse"
            ],
            "type": "library",
            "extra": {
                "branch-alias": {
                    "dev-master": "4.9-dev"
                }
            },
            "autoload": {
                "psr-4": {
                    "PhpParser\\": "lib/PhpParser"
                }
            },
            "notification-url": "https://packagist.org/downloads/",
            "license": [
                "BSD-3-Clause"
            ],
            "authors": [
                {
                    "name": "Nikita Popov"
                }
            ],
            "description": "A PHP parser written in PHP",
            "keywords": [
                "parser",
                "php"
            ],
            "support": {
                "issues": "https://github.com/nikic/PHP-Parser/issues",
                "source": "https://github.com/nikic/PHP-Parser/tree/v4.13.0"
            },
            "time": "2021-09-20T12:20:58+00:00"
        },
        {
            "name": "psr/container",
            "version": "2.0.1",
            "source": {
                "type": "git",
                "url": "https://github.com/php-fig/container.git",
                "reference": "2ae37329ee82f91efadc282cc2d527fd6065a5ef"
            },
            "dist": {
                "type": "zip",
                "url": "https://api.github.com/repos/php-fig/container/zipball/2ae37329ee82f91efadc282cc2d527fd6065a5ef",
                "reference": "2ae37329ee82f91efadc282cc2d527fd6065a5ef",
                "shasum": ""
            },
            "require": {
                "php": ">=7.2.0"
            },
            "type": "library",
            "extra": {
                "branch-alias": {
                    "dev-master": "2.0.x-dev"
                }
            },
            "autoload": {
                "psr-4": {
                    "Psr\\Container\\": "src/"
                }
            },
            "notification-url": "https://packagist.org/downloads/",
            "license": [
                "MIT"
            ],
            "authors": [
                {
                    "name": "PHP-FIG",
                    "homepage": "https://www.php-fig.org/"
                }
            ],
            "description": "Common Container Interface (PHP FIG PSR-11)",
            "homepage": "https://github.com/php-fig/container",
            "keywords": [
                "PSR-11",
                "container",
                "container-interface",
                "container-interop",
                "psr"
            ],
            "support": {
                "issues": "https://github.com/php-fig/container/issues",
                "source": "https://github.com/php-fig/container/tree/2.0.1"
            },
            "time": "2021-03-24T13:40:57+00:00"
        },
        {
            "name": "symfony/polyfill-uuid",
            "version": "v1.23.0",
            "source": {
                "type": "git",
                "url": "https://github.com/symfony/polyfill-uuid.git",
                "reference": "9165effa2eb8a31bb3fa608df9d529920d21ddd9"
            },
            "dist": {
                "type": "zip",
                "url": "https://api.github.com/repos/symfony/polyfill-uuid/zipball/9165effa2eb8a31bb3fa608df9d529920d21ddd9",
                "reference": "9165effa2eb8a31bb3fa608df9d529920d21ddd9",
                "shasum": ""
            },
            "require": {
                "php": ">=7.1"
            },
            "suggest": {
                "ext-uuid": "For best performance"
            },
            "type": "library",
            "extra": {
                "branch-alias": {
                    "dev-main": "1.23-dev"
                },
                "thanks": {
                    "name": "symfony/polyfill",
                    "url": "https://github.com/symfony/polyfill"
                }
            },
            "autoload": {
                "psr-4": {
                    "Symfony\\Polyfill\\Uuid\\": ""
                },
                "files": [
                    "bootstrap.php"
                ]
            },
            "notification-url": "https://packagist.org/downloads/",
            "license": [
                "MIT"
            ],
            "authors": [
                {
                    "name": "Grégoire Pineau",
                    "email": "lyrixx@lyrixx.info"
                },
                {
                    "name": "Symfony Community",
                    "homepage": "https://symfony.com/contributors"
                }
            ],
            "description": "Symfony polyfill for uuid functions",
            "homepage": "https://symfony.com",
            "keywords": [
                "compatibility",
                "polyfill",
                "portable",
                "uuid"
            ],
            "support": {
                "source": "https://github.com/symfony/polyfill-uuid/tree/v1.23.0"
            },
            "funding": [
                {
                    "url": "https://symfony.com/sponsor",
                    "type": "custom"
                },
                {
                    "url": "https://github.com/fabpot",
                    "type": "github"
                },
                {
                    "url": "https://tidelift.com/funding/github/packagist/symfony/symfony",
                    "type": "tidelift"
                }
            ],
            "time": "2021-02-19T12:13:01+00:00"
        },
        {
            "name": "symfony/uid",
            "version": "v5.3.3",
            "source": {
                "type": "git",
                "url": "https://github.com/symfony/uid.git",
                "reference": "45853bbc72f2b91c32e707afe7f896fddb3ee8e9"
            },
            "dist": {
                "type": "zip",
                "url": "https://api.github.com/repos/symfony/uid/zipball/45853bbc72f2b91c32e707afe7f896fddb3ee8e9",
                "reference": "45853bbc72f2b91c32e707afe7f896fddb3ee8e9",
                "shasum": ""
            },
            "require": {
                "php": ">=7.2.5",
                "symfony/polyfill-uuid": "^1.15"
            },
            "require-dev": {
                "symfony/console": "^4.4|^5.0"
            },
            "type": "library",
            "autoload": {
                "psr-4": {
                    "Symfony\\Component\\Uid\\": ""
                },
                "exclude-from-classmap": [
                    "/Tests/"
                ]
            },
            "notification-url": "https://packagist.org/downloads/",
            "license": [
                "MIT"
            ],
            "authors": [
                {
                    "name": "Grégoire Pineau",
                    "email": "lyrixx@lyrixx.info"
                },
                {
                    "name": "Nicolas Grekas",
                    "email": "p@tchwork.com"
                },
                {
                    "name": "Symfony Community",
                    "homepage": "https://symfony.com/contributors"
                }
            ],
            "description": "Provides an object-oriented API to generate and represent UIDs",
            "homepage": "https://symfony.com",
            "keywords": [
                "UID",
                "uuid"
            ],
            "support": {
                "source": "https://github.com/symfony/uid/tree/v5.3.3"
            },
            "funding": [
                {
                    "url": "https://symfony.com/sponsor",
                    "type": "custom"
                },
                {
                    "url": "https://github.com/fabpot",
                    "type": "github"
                },
                {
                    "url": "https://tidelift.com/funding/github/packagist/symfony/symfony",
                    "type": "tidelift"
                }
            ],
            "time": "2021-06-24T08:13:00+00:00"
        },
        {
            "name": "webonyx/graphql-php",
            "version": "v14.9.0",
            "source": {
                "type": "git",
                "url": "https://github.com/webonyx/graphql-php.git",
                "reference": "36b83621deb5eae354347a2e86dc7aec81b32a82"
            },
            "dist": {
                "type": "zip",
                "url": "https://api.github.com/repos/webonyx/graphql-php/zipball/36b83621deb5eae354347a2e86dc7aec81b32a82",
                "reference": "36b83621deb5eae354347a2e86dc7aec81b32a82",
                "shasum": ""
            },
            "require": {
                "ext-json": "*",
                "ext-mbstring": "*",
                "php": "^7.1||^8.0"
            },
            "require-dev": {
                "amphp/amp": "^2.3",
                "doctrine/coding-standard": "^6.0",
                "nyholm/psr7": "^1.2",
                "phpbench/phpbench": "^0.16.10",
                "phpstan/extension-installer": "^1.0",
                "phpstan/phpstan": "0.12.82",
                "phpstan/phpstan-phpunit": "0.12.18",
                "phpstan/phpstan-strict-rules": "0.12.9",
                "phpunit/phpunit": "^7.2|^8.5",
                "psr/http-message": "^1.0",
                "react/promise": "2.*",
                "simpod/php-coveralls-mirror": "^3.0",
                "squizlabs/php_codesniffer": "3.5.4"
            },
            "suggest": {
                "psr/http-message": "To use standard GraphQL server",
                "react/promise": "To leverage async resolving on React PHP platform"
            },
            "type": "library",
            "autoload": {
                "psr-4": {
                    "GraphQL\\": "src/"
                }
            },
            "notification-url": "https://packagist.org/downloads/",
            "license": [
                "MIT"
            ],
            "description": "A PHP port of GraphQL reference implementation",
            "homepage": "https://github.com/webonyx/graphql-php",
            "keywords": [
                "api",
                "graphql"
            ],
            "support": {
                "issues": "https://github.com/webonyx/graphql-php/issues",
                "source": "https://github.com/webonyx/graphql-php/tree/v14.9.0"
            },
            "funding": [
                {
                    "url": "https://opencollective.com/webonyx-graphql-php",
                    "type": "open_collective"
                }
            ],
            "time": "2021-06-15T16:14:17+00:00"
        }
    ],
    "packages-dev": [],
    "aliases": [],
    "minimum-stability": "stable",
    "stability-flags": [],
    "prefer-stable": false,
    "prefer-lowest": false,
    "platform": {
        "php": ">=7.4",
        "ext-ctype": "*",
        "ext-iconv": "*"
    },
    "platform-dev": [],
    "plugin-api-version": "2.1.0"
}
